
Microsoft Visual Studio Solution File, Format Version 12.00
# Visual Studio Version 17
VisualStudioVersion = 17.13.35931.197 d17.13
MinimumVisualStudioVersion = 10.0.40219.1
Project("{FAE04EC0-301F-11D3-BF4B-00C04F79EFBC}") = "Task-management-api", "Task-management-api\Task-management-api.csproj", "{5AC45D30-DC8B-4BB3-903B-82635AF38C8C}"
EndProject
Global
	GlobalSection(SolutionConfigurationPlatforms) = preSolution
		Debug|Any CPU = Debug|Any CPU
		Release|Any CPU = Release|Any CPU
	EndGlobalSection
	GlobalSection(ProjectConfigurationPlatforms) = postSolution
		{5AC45D30-DC8B-4BB3-903B-82635AF38C8C}.Debug|Any CPU.ActiveCfg = Debug|Any CPU
		{5AC45D30-DC8B-4BB3-903B-82635AF38C8C}.Debug|Any CPU.Build.0 = Debug|Any CPU
		{5AC45D30-DC8B-4BB3-903B-82635AF38C8C}.Release|Any CPU.ActiveCfg = Release|Any CPU
		{5AC45D30-DC8B-4BB3-903B-82635AF38C8C}.Release|Any CPU.Build.0 = Release|Any CPU
	EndGlobalSection
	GlobalSection(SolutionProperties) = preSolution
		HideSolutionNode = FALSE
	EndGlobalSection
	GlobalSection(ExtensibilityGlobals) = postSolution
		SolutionGuid = {1FC3750D-318A-4A86-BE62-84CDC6712A94}
	EndGlobalSection
EndGlobal
